PODS:
  - Alamofire (4.9.1)
  - DNSPageView (2.1.0)
  - ESPullToRefresh (2.9.3)
  - ESTabBarController-swift (2.8.0)
  - FSPagerView (0.8.3)
  - HandyJSON (5.0.0-beta)
  - JXMarqueeView (0.0.9)
  - Kingfisher (4.10.1)
  - LTScrollView (0.3.0)
  - MJRefresh (3.2.0)
  - Moya (13.0.1):
    - Moya/Core (= 13.0.1)
  - Moya/Core (13.0.1):
    - Alamofire (~> 4.1)
    - Result (~> 4.1)
  - ObjectMapper (4.2.0)
  - Result (4.1.0)
  - SnapKit (4.2.0)
  - Spring (1.0.6)
  - SQLiteRepairKit (1.2.2):
    - WCDBOptimizedSQLCipher (~> 1.2.0)
  - StreamingKit (0.1.30)
  - SVProgressHUD (2.2.5)
  - SwiftMessages (8.0.2):
    - SwiftMessages/App (= 8.0.2)
  - SwiftMessages/App (8.0.2)
  - SwiftyJSON (5.0.0)
  - WCDB.swift (1.0.8.2):
    - SQLiteRepairKit (~> 1.2.0)
    - WCDBOptimizedSQLCipher (~> 1.2.0)
  - WCDBOptimizedSQLCipher (1.2.1)

DEPENDENCIES:
  - DNSPageView
  - ESPullToRefresh
  - ESTabBarController-swift
  - FSPagerView
  - HandyJSON (= 5.0.0-beta)
  - JXMarqueeView
  - Kingfisher
  - LTScrollView
  - MJRefresh
  - Moya
  - ObjectMapper
  - SnapKit
  - Spring (from `https://github.com/MengTo/Spring.git`)
  - StreamingKit
  - SVProgressHUD
  - SwiftMessages
  - SwiftyJSON
  - WCDB.swift

SPEC REPOS:
  trunk:
    - Alamofire
    - DNSPageView
    - ESPullToRefresh
    - ESTabBarController-swift
    - FSPagerView
    - HandyJSON
    - JXMarqueeView
    - Kingfisher
    - LTScrollView
    - MJRefresh
    - Moya
    - ObjectMapper
    - Result
    - SnapKit
    - SQLiteRepairKit
    - StreamingKit
    - SVProgressHUD
    - SwiftMessages
    - SwiftyJSON
    - WCDB.swift
    - WCDBOptimizedSQLCipher

EXTERNAL SOURCES:
  Spring:
    :git: https://github.com/MengTo/Spring.git

CHECKOUT OPTIONS:
  Spring:
    :commit: 50d92a5b9e08848387ae95bf44c6ad20834f7083
    :git: https://github.com/MengTo/Spring.git

SPEC CHECKSUMS:
  Alamofire: 85e8a02c69d6020a0d734f6054870d7ecb75cf18
  DNSPageView: 4d77a61f49a5668ec330fb7bd620d81354371ea7
  ESPullToRefresh: 0d68daa602b343c81753a1b95e09fd0bfcddfd40
  ESTabBarController-swift: 05593a6ad64700b03c0eb60ff625916370aa4136
  FSPagerView: 670405b2f18e2a87fa37f20b00de783e562c25a8
  HandyJSON: b84ac9904050a0897a0802092b7cb8808e0a4e9a
  JXMarqueeView: 0058108f80f149b25ff3bc3705c1af348fe7be8f
  Kingfisher: c148cd7b47ebde9989f6bc7c27dcaa79d81279a0
  LTScrollView: 46029b501f34d31e33e33392935cb240eb1d1ed0
  MJRefresh: ed450d6eb9d3346a2cb033ab7eb6de090aeef437
  Moya: f4a4b80ff2f8a4ffc208dfb31cd91636622fee6e
  ObjectMapper: 1eb41f610210777375fa806bf161dc39fb832b81
  Result: bd966fac789cc6c1563440b348ab2598cc24d5c7
  SnapKit: fe8a619752f3f27075cc9a90244d75c6c3f27e2a
  Spring: 3d113f14575ef79aec9c5f906dfa4f5001c03254
  SQLiteRepairKit: 35aaae5a8838adb85f5b1eb4d796055be6060a4b
  StreamingKit: 70ca8608c206864b4d54a577eacb3c8bf7c72209
  SVProgressHUD: 1428aafac632c1f86f62aa4243ec12008d7a51d6
  SwiftMessages: 633304165351b8e3dcbb81a71f8efcd86f9c1669
  SwiftyJSON: 36413e04c44ee145039d332b4f4e2d3e8d6c4db7
  WCDB.swift: 05d509d7a0e60fb6e11c34eb7e4027c0fab5849f
  WCDBOptimizedSQLCipher: baf44493b0c7a3d49e97bc5b64a3856f6428ddd1

PODFILE CHECKSUM: 264125642f1a0a117ff678181570a3d19fc463bd

COCOAPODS: 1.9.3
